
Microsoft Visual Studio Solution File, Format Version 12.00
Project("{FAE04EC0-301F-11D3-BF4B-00C04F79EFBC}") = "IncrementalGeneratorExtensions", "IncrementalGeneratorExtensions\IncrementalGeneratorExtensions.csproj", "{6E8662D6-0F19-4CAC-B8DE-3EF8917A28C4}"
EndProject
Project("{2150E333-8FDC-42A3-9474-1A3956D46DE8}") = "Solution Items", "Solution Items", "{1CCCCE31-0D00-4285-A105-6E6799749F14}"
	ProjectSection(SolutionItems) = preProject
		Directory.Build.props = Directory.Build.props
		version.props = version.props
		README.md = README.md
		CHANGELOG.md = CHANGELOG.md
		versionsuffix.local.props = versionsuffix.local.props
		versionsuffix.ci.props = versionsuffix.ci.props
		versionsuffix.release.props = versionsuffix.release.props
		PACKAGE_README.md = PACKAGE_README.md
	EndProjectSection
EndProject
Global
	GlobalSection(SolutionConfigurationPlatforms) = preSolution
		Debug|Any CPU = Debug|Any CPU
		Release|Any CPU = Release|Any CPU
	EndGlobalSection
	GlobalSection(ProjectConfigurationPlatforms) = postSolution
		{6E8662D6-0F19-4CAC-B8DE-3EF8917A28C4}.Debug|Any CPU.ActiveCfg = Debug|Any CPU
		{6E8662D6-0F19-4CAC-B8DE-3EF8917A28C4}.Debug|Any CPU.Build.0 = Debug|Any CPU
		{6E8662D6-0F19-4CAC-B8DE-3EF8917A28C4}.Release|Any CPU.ActiveCfg = Release|Any CPU
		{6E8662D6-0F19-4CAC-B8DE-3EF8917A28C4}.Release|Any CPU.Build.0 = Release|Any CPU
	EndGlobalSection
EndGlobal
